<?xml version="1.0" encoding="utf-8"?>
<Project ToolsVersion="4.0" xmlns="http://schemas.microsoft.com/developer/msbuild/2003">
  <ItemGroup>
    <Filter Include="Source Files">
      <UniqueIdentifier>{4FC737F1-C7A5-4376-A066-2A32D752A2FF}</UniqueIdentifier>
      <Extensions>cpp;c;cc;cxx;def;odl;idl;hpj;bat;asm;asmx</Extensions>
    </Filter>
    <Filter Include="Header Files">
      <UniqueIdentifier>{93995380-89BD-4b04-88EB-625FBE52EBFB}</UniqueIdentifier>
      <Extensions>h;hh;hpp;hxx;hm;inl;inc;xsd</Extensions>
    </Filter>
    <Filter Include="Scenes">
      <UniqueIdentifier>{5815f7db-2606-4a9a-bb95-88dfabdda6c1}</UniqueIdentifier>
    </Filter>
    <Filter Include="Game Objects">
      <UniqueIdentifier>{4df01ff0-0e04-4c4d-ac5d-b7efa07fd705}</UniqueIdentifier>
    </Filter>
    <Filter Include="Managers">
      <UniqueIdentifier>{51ce5c17-6a00-499a-87ee-383140ca7329}</UniqueIdentifier>
    </Filter>
    <Filter Include="Enums">
      <UniqueIdentifier>{69bcf506-2bc6-4cdf-8f1d-6d6aff28c8e3}</UniqueIdentifier>
    </Filter>
    <Filter Include="UI Objects">
      <UniqueIdentifier>{13b438a9-fe07-4e57-b35e-8520b0f63a82}</UniqueIdentifier>
    </Filter>
    <Filter Include="Components">
      <UniqueIdentifier>{b7c412c5-8c88-4ab0-9c43-1843d4be5de1}</UniqueIdentifier>
    </Filter>
    <Filter Include="Singletons">
      <UniqueIdentifier>{9203a419-8eff-43d5-ba62-a14ed1c0da55}</UniqueIdentifier>
    </Filter>
    <Filter Include="gbcTeamPerks">
      <UniqueIdentifier>{3b515766-bc38-4072-ba20-302d298437b3}</UniqueIdentifier>
    </Filter>
    <Filter Include="Sprites">
      <UniqueIdentifier>{9f997137-cba7-478f-a242-d1013bfa4107}</UniqueIdentifier>
    </Filter>
    <Filter Include="Abilities">
      <UniqueIdentifier>{baa00658-b553-41df-8df5-4934c3742fba}</UniqueIdentifier>
    </Filter>
    <Filter Include="LevelData">
      <UniqueIdentifier>{56ab8949-ba5a-442c-9c90-941480440da3}</UniqueIdentifier>
    </Filter>
  </ItemGroup>
  <ItemGroup>
    <ClCompile Include="..\src\main.cpp">
      <Filter>Source Files</Filter>
    </ClCompile>
    <ClCompile Include="..\src\GameObject.cpp">
      <Filter>Source Files</Filter>
    </ClCompile>
    <ClCompile Include="..\src\Util.cpp">
      <Filter>Source Files</Filter>
    </ClCompile>
    <ClCompile Include="..\src\Scene.cpp">
      <Filter>Source Files</Filter>
    </ClCompile>
    <ClCompile Include="..\src\StartScene.cpp">
      <Filter>Scenes</Filter>
    </ClCompile>
    <ClCompile Include="..\src\EndScene.cpp">
      <Filter>Scenes</Filter>
    </ClCompile>
    <ClCompile Include="..\src\DisplayObject.cpp">
      <Filter>Source Files</Filter>
    </ClCompile>
    <ClCompile Include="..\src\CollisionManager.cpp">
      <Filter>Managers</Filter>
    </ClCompile>
    <ClCompile Include="..\src\FontManager.cpp">
      <Filter>Managers</Filter>
    </ClCompile>
    <ClCompile Include="..\src\SoundManager.cpp">
      <Filter>Managers</Filter>
    </ClCompile>
    <ClCompile Include="..\src\TextureManager.cpp">
      <Filter>Managers</Filter>
    </ClCompile>
    <ClCompile Include="..\src\Player.cpp">
      <Filter>Game Objects</Filter>
    </ClCompile>
    <ClCompile Include="..\src\SpriteSheet.cpp">
      <Filter>Source Files</Filter>
    </ClCompile>
    <ClCompile Include="..\src\PlayScene.cpp">
      <Filter>Scenes</Filter>
    </ClCompile>
    <ClCompile Include="..\src\Button.cpp">
      <Filter>UI Objects</Filter>
    </ClCompile>
    <ClCompile Include="..\src\Label.cpp">
      <Filter>UI Objects</Filter>
    </ClCompile>
    <ClCompile Include="..\src\Renderer.cpp">
      <Filter>Singletons</Filter>
    </ClCompile>
    <ClCompile Include="..\src\Game.cpp">
      <Filter>Singletons</Filter>
    </ClCompile>
    <ClCompile Include="..\src\EventManager.cpp">
      <Filter>Managers</Filter>
    </ClCompile>
    <ClCompile Include="..\src\GameController.cpp">
      <Filter>Source Files</Filter>
    </ClCompile>
    <ClCompile Include="..\src\StaticSprite.cpp">
      <Filter>Game Objects</Filter>
    </ClCompile>
    <ClCompile Include="..\src\BackgroundEndS.cpp">
      <Filter>Game Objects</Filter>
    </ClCompile>
    <ClCompile Include="..\src\VictorVanHelsing.cpp">
      <Filter>Game Objects</Filter>
    </ClCompile>
    <ClCompile Include="..\src\Fireball.cpp">
      <Filter>Abilities</Filter>
    </ClCompile>
    <ClCompile Include="..\src\Ability.cpp">
      <Filter>Source Files</Filter>
    </ClCompile>
    <ClCompile Include="..\src\Sword.cpp">
      <Filter>Abilities</Filter>
    </ClCompile>
    <ClCompile Include="..\src\MathManager.cpp">
      <Filter>Managers</Filter>
    </ClCompile>
    <ClCompile Include="..\src\MotherSpider.cpp">
      <Filter>Game Objects</Filter>
    </ClCompile>
    <ClCompile Include="..\src\Tile.cpp">
      <Filter>Source Files</Filter>
    </ClCompile>
    <ClCompile Include="..\src\Pathing.cpp">
      <Filter>Source Files</Filter>
    </ClCompile>
    <ClCompile Include="..\src\PathManager.cpp">
      <Filter>Managers</Filter>
    </ClCompile>
    <ClCompile Include="..\src\LevelManager.cpp">
      <Filter>Managers</Filter>
    </ClCompile>
    <ClCompile Include="..\src\DebugManager.cpp">
      <Filter>Managers</Filter>
    </ClCompile>
    <ClCompile Include="..\src\ExplosiveSpider.cpp">
      <Filter>Abilities</Filter>
    </ClCompile>
    <ClCompile Include="..\src\Enemy.cpp">
      <Filter>Game Objects</Filter>
    </ClCompile>
    <ClCompile Include="..\src\EnemyWizard.cpp">
      <Filter>Game Objects</Filter>
    </ClCompile>
    <ClCompile Include="..\src\Orb.cpp">
      <Filter>Abilities</Filter>
    </ClCompile>
    <ClCompile Include="..\src\UIElement.cpp">
      <Filter>UI Objects</Filter>
    </ClCompile>
    <ClCompile Include="..\src\LifeBar.cpp">
      <Filter>UI Objects</Filter>
    </ClCompile>
    <ClCompile Include="..\src\Needle.cpp">
      <Filter>UI Objects</Filter>
    </ClCompile>
    <ClCompile Include="..\src\RatKing.cpp">
      <Filter>Game Objects</Filter>
    </ClCompile>
    <ClCompile Include="..\src\RatBiter.cpp">
      <Filter>Abilities</Filter>
    </ClCompile>
    <ClCompile Include="..\src\SpawnEnemiesManager.cpp">
      <Filter>Managers</Filter>
    </ClCompile>
    <ClCompile Include="..\src\SkeletonEnemy.cpp">
      <Filter>Game Objects</Filter>
    </ClCompile>
    <ClCompile Include="..\src\TransitionScene.cpp">
      <Filter>Scenes</Filter>
    </ClCompile>
    <ClCompile Include="..\src\EnemyLifeBar.cpp">
      <Filter>Source Files</Filter>
    </ClCompile>
    <ClCompile Include="..\src\DestructibleObject.cpp">
      <Filter>Game Objects</Filter>
    </ClCompile>
    <ClCompile Include="..\src\BlobKing.cpp">
      <Filter>Game Objects</Filter>
    </ClCompile>
    <ClCompile Include="..\src\CrazyBat.cpp">
      <Filter>Game Objects</Filter>
    </ClCompile>
    <ClCompile Include="..\src\King.cpp">
      <Filter>Source Files</Filter>
    </ClCompile>
  </ItemGroup>
  <ItemGroup>
    <ClInclude Include="..\src\GameObject.h">
      <Filter>Header Files</Filter>
    </ClInclude>
    <ClInclude Include="..\src\Util.h">
      <Filter>Header Files</Filter>
    </ClInclude>
    <ClInclude Include="..\src\Config.h">
      <Filter>Header Files</Filter>
    </ClInclude>
    <ClInclude Include="..\src\Scene.h">
      <Filter>Header Files</Filter>
    </ClInclude>
    <ClInclude Include="..\src\StartScene.h">
      <Filter>Scenes</Filter>
    </ClInclude>
    <ClInclude Include="..\src\EndScene.h">
      <Filter>Scenes</Filter>
    </ClInclude>
    <ClInclude Include="..\src\DisplayObject.h">
      <Filter>Header Files</Filter>
    </ClInclude>
    <ClInclude Include="..\src\CollisionManager.h">
      <Filter>Managers</Filter>
    </ClInclude>
    <ClInclude Include="..\src\FontManager.h">
      <Filter>Managers</Filter>
    </ClInclude>
    <ClInclude Include="..\src\SoundManager.h">
      <Filter>Managers</Filter>
    </ClInclude>
    <ClInclude Include="..\src\TextureManager.h">
      <Filter>Managers</Filter>
    </ClInclude>
    <ClInclude Include="..\src\GameObjectType.h">
      <Filter>Enums</Filter>
    </ClInclude>
    <ClInclude Include="..\src\SceneState.h">
      <Filter>Enums</Filter>
    </ClInclude>
    <ClInclude Include="..\src\Player.h">
      <Filter>Game Objects</Filter>
    </ClInclude>
    <ClInclude Include="..\src\PlayerAnimationState.h">
      <Filter>Enums</Filter>
    </ClInclude>
    <ClInclude Include="..\src\Frame.h">
      <Filter>Header Files</Filter>
    </ClInclude>
    <ClInclude Include="..\src\SpriteSheet.h">
      <Filter>Header Files</Filter>
    </ClInclude>
    <ClInclude Include="..\src\Animation.h">
      <Filter>Header Files</Filter>
    </ClInclude>
    <ClInclude Include="..\src\CollisionShape.h">
      <Filter>Enums</Filter>
    </ClInclude>
    <ClInclude Include="..\src\ShapeType.h">
      <Filter>Enums</Filter>
    </ClInclude>
    <ClInclude Include="..\src\Event.h">
      <Filter>Enums</Filter>
    </ClInclude>
    <ClInclude Include="..\src\PlayScene.h">
      <Filter>Scenes</Filter>
    </ClInclude>
    <ClInclude Include="..\src\Button.h">
      <Filter>UI Objects</Filter>
    </ClInclude>
    <ClInclude Include="..\src\Label.h">
      <Filter>UI Objects</Filter>
    </ClInclude>
    <ClInclude Include="..\src\Transform.h">
      <Filter>Components</Filter>
    </ClInclude>
    <ClInclude Include="..\src\RigidBody.h">
      <Filter>Components</Filter>
    </ClInclude>
    <ClInclude Include="..\src\Renderer.h">
      <Filter>Singletons</Filter>
    </ClInclude>
    <ClInclude Include="..\src\Game.h">
      <Filter>Singletons</Filter>
    </ClInclude>
    <ClInclude Include="..\src\EventManager.h">
      <Filter>Managers</Filter>
    </ClInclude>
    <ClInclude Include="..\src\MouseButtons.h">
      <Filter>Enums</Filter>
    </ClInclude>
    <ClInclude Include="..\src\GameController.h">
      <Filter>Header Files</Filter>
    </ClInclude>
    <ClInclude Include="..\src\StaticSprite.h">
      <Filter>Game Objects</Filter>
    </ClInclude>
    <ClInclude Include="..\src\BackgroundEndS.h">
      <Filter>Game Objects</Filter>
    </ClInclude>
    <ClInclude Include="..\src\VictorVanHelsing.h">
      <Filter>Game Objects</Filter>
    </ClInclude>
    <ClInclude Include="..\src\BossOneAnimationState.h">
      <Filter>Enums</Filter>
    </ClInclude>
    <ClInclude Include="..\src\VictorAnimationState.h">
      <Filter>Enums</Filter>
    </ClInclude>
    <ClInclude Include="..\src\Fireball.h">
      <Filter>Abilities</Filter>
    </ClInclude>
    <ClInclude Include="..\src\Sword.h">
      <Filter>Abilities</Filter>
    </ClInclude>
    <ClInclude Include="..\src\MathManager.h">
      <Filter>Managers</Filter>
    </ClInclude>
    <ClInclude Include="..\src\Ability.h">
      <Filter>Abilities</Filter>
    </ClInclude>
    <ClInclude Include="..\src\MotherSpider.h">
      <Filter>Game Objects</Filter>
    </ClInclude>
    <ClInclude Include="..\src\ExplosiveSpider.h">
      <Filter>Abilities</Filter>
    </ClInclude>
    <ClInclude Include="..\src\Tile.h">
      <Filter>Header Files</Filter>
    </ClInclude>
    <ClInclude Include="..\src\LevelManager.h">
      <Filter>Managers</Filter>
    </ClInclude>
    <ClInclude Include="..\src\Pathing.h">
      <Filter>Header Files</Filter>
    </ClInclude>
    <ClInclude Include="..\src\PathManager.h">
      <Filter>Managers</Filter>
    </ClInclude>
    <ClInclude Include="..\src\DebugManager.h">
      <Filter>Managers</Filter>
    </ClInclude>
    <ClInclude Include="..\src\Enemy.h">
      <Filter>Game Objects</Filter>
    </ClInclude>
    <ClInclude Include="..\src\EnemyWizard.h">
      <Filter>Game Objects</Filter>
    </ClInclude>
    <ClInclude Include="..\src\Orb.h">
      <Filter>Abilities</Filter>
    </ClInclude>
    <ClInclude Include="..\src\UIElement.h">
      <Filter>UI Objects</Filter>
    </ClInclude>
    <ClInclude Include="..\src\LifeBar.h">
      <Filter>UI Objects</Filter>
    </ClInclude>
    <ClInclude Include="..\src\Needle.h">
      <Filter>UI Objects</Filter>
    </ClInclude>
    <ClInclude Include="..\src\RatKing.h">
      <Filter>Game Objects</Filter>
    </ClInclude>
    <ClInclude Include="..\src\RatBiter.h">
      <Filter>Abilities</Filter>
    </ClInclude>
    <ClInclude Include="..\src\SpawnEnemiesManager.h">
      <Filter>Managers</Filter>
    </ClInclude>
    <ClInclude Include="..\src\SkeletonEnemy.h">
      <Filter>Game Objects</Filter>
    </ClInclude>
    <ClInclude Include="..\src\TransitionScene.h">
      <Filter>Scenes</Filter>
    </ClInclude>
    <ClInclude Include="..\src\EnemyLifeBar.h">
      <Filter>Header Files</Filter>
    </ClInclude>
    <ClInclude Include="..\src\DestructibleObject.h">
      <Filter>Game Objects</Filter>
    </ClInclude>
    <ClInclude Include="..\src\DestructibleObjectState.h">
      <Filter>Enums</Filter>
    </ClInclude>
    <ClInclude Include="..\src\BlobKing.h">
      <Filter>Game Objects</Filter>
    </ClInclude>
    <ClInclude Include="..\src\SkeletonAnimationState.h">
      <Filter>Enums</Filter>
    </ClInclude>
    <ClInclude Include="..\src\CrazyBat.h">
      <Filter>Game Objects</Filter>
    </ClInclude>
    <ClInclude Include="..\src\King.h">
      <Filter>Game Objects</Filter>
    </ClInclude>
  </ItemGroup>
  <ItemGroup>
    <None Include="..\..\..\..\Desktop\T163 Coding Standard.pdf">
      <Filter>gbcTeamPerks</Filter>
    </None>
    <None Include="..\Assets\sprites\atlas.tps">
      <Filter>Sprites</Filter>
    </None>
    <None Include="..\Assets\sprites\atlas2.json">
      <Filter>Sprites</Filter>
    </None>
    <None Include="..\Assets\sprites\background.json">
      <Filter>Sprites</Filter>
    </None>
    <None Include="..\Assets\sprites\foreground.json">
      <Filter>Sprites</Filter>
    </None>
  </ItemGroup>
  <ItemGroup>
    <Image Include="..\Assets\sprites\atlas.png">
      <Filter>Sprites</Filter>
    </Image>
    <Image Include="..\Assets\sprites\atlas2.png">
      <Filter>Sprites</Filter>
    </Image>
    <Image Include="..\Assets\sprites\background.png">
      <Filter>Sprites</Filter>
    </Image>
    <Image Include="..\Assets\sprites\foreground.png">
      <Filter>Sprites</Filter>
    </Image>
    <Image Include="..\Assets\sprites\megaman-idle.png">
      <Filter>Sprites</Filter>
    </Image>
    <Image Include="..\Assets\sprites\megaman-run.png">
      <Filter>Sprites</Filter>
    </Image>
    <Image Include="..\Assets\sprites\Endsheet.png">
      <Filter>Sprites</Filter>
    </Image>
    <Image Include="..\Assets\sprites\magicenemy.png">
      <Filter>Sprites</Filter>
    </Image>
    <Image Include="..\Assets\sprites\magicenemy-projectile.png">
      <Filter>Sprites</Filter>
    </Image>
    <Image Include="..\Assets\sprites\victorvanhelsing.png">
      <Filter>Sprites</Filter>
    </Image>
    <Image Include="..\Assets\sprites\spiderBig.png">
      <Filter>Sprites</Filter>
    </Image>
    <Image Include="..\Assets\sprites\spiderExplode.png">
      <Filter>Sprites</Filter>
    </Image>
    <Image Include="..\Assets\sprites\explosionSpider.png">
      <Filter>Sprites</Filter>
    </Image>
    <Image Include="..\Assets\sprites\Items_BlueGem.png">
      <Filter>Sprites</Filter>
    </Image>
    <Image Include="..\Assets\sprites\TileTest.png">
      <Filter>Sprites</Filter>
    </Image>
    <Image Include="..\Assets\sprites\skeleton.png">
      <Filter>Sprites</Filter>
    </Image>
    <Image Include="..\Assets\sprites\VictorspriteSheet2.png">
      <Filter>Sprites</Filter>
    </Image>
  </ItemGroup>
  <ItemGroup>
    <Text Include="..\Assets\sprites\atlas.txt">
      <Filter>Sprites</Filter>
    </Text>
    <Text Include="..\Assets\sprites\Endsheet.txt">
      <Filter>Sprites</Filter>
    </Text>
    <Text Include="..\Assets\sprites\magicenemy.txt">
      <Filter>Sprites</Filter>
    </Text>
    <Text Include="..\Assets\sprites\victorvanhelsing.txt">
      <Filter>Sprites</Filter>
    </Text>
    <Text Include="..\Assets\sprites\BlueGem.txt">
      <Filter>Sprites</Filter>
    </Text>
    <Text Include="..\Assets\data\Level.txt">
      <Filter>LevelData</Filter>
    </Text>
    <Text Include="..\Assets\data\Level1.txt">
      <Filter>LevelData</Filter>
    </Text>
    <Text Include="..\Assets\sprites\TileData.txt">
      <Filter>LevelData</Filter>
    </Text>
    <Text Include="..\Assets\data\Level2.txt">
      <Filter>LevelData</Filter>
    </Text>
    <Text Include="..\Assets\data\Level3.txt">
      <Filter>LevelData</Filter>
    </Text>
  </ItemGroup>
  <ItemGroup>
    <Xml Include="..\Assets\sprites\atlas.xml">
      <Filter>Sprites</Filter>
    </Xml>
  </ItemGroup>
</Project>